PODS:
  - SwiftList (0.1.0)

DEPENDENCIES:
  - SwiftList (from `../../SwiftList.podspec`)

EXTERNAL SOURCES:
  SwiftList:
    :path: "../../SwiftList.podspec"

SPEC CHECKSUMS:
  SwiftList: c2e2db871a17aa1af3f020ce02b67c1c0ae8e07e

PODFILE CHECKSUM: a85ae9d4c34d79963b904beb50e375cc4f7b12d5

COCOAPODS: 1.5.3
